
Microsoft Visual Studio Solution File, Format Version 12.00
# Visual Studio Version 17
VisualStudioVersion = 17.12.35728.132 d17.12
MinimumVisualStudioVersion = 10.0.40219.1
Project("{FAE04EC0-301F-11D3-BF4B-00C04F79EFBC}") = "Company.Web", "Company.Web\Company.Web.csproj", "{7BE548AA-BCD3-4B0B-822B-86BE366A75D2}"
EndProject
Project("{FAE04EC0-301F-11D3-BF4B-00C04F79EFBC}") = "Company.Data", "Data.Models\Company.Data.csproj", "{344D132B-EAB8-471A-BE99-DDD2D0515BD1}"
EndProject
Project("{FAE04EC0-301F-11D3-BF4B-00C04F79EFBC}") = "Company.Repository", "Company.Repository\Company.Repository.csproj", "{99265359-B6EE-493B-95C9-76FB552B1ED8}"
EndProject
Project("{FAE04EC0-301F-11D3-BF4B-00C04F79EFBC}") = "Company.Service", "Company.Service\Company.Service.csproj", "{A64E012D-6191-4668-AE23-F52B781C76A2}"
EndProject
Global
	GlobalSection(SolutionConfigurationPlatforms) = preSolution
		Debug|Any CPU = Debug|Any CPU
		Release|Any CPU = Release|Any CPU
	EndGlobalSection
	GlobalSection(ProjectConfigurationPlatforms) = postSolution
		{7BE548AA-BCD3-4B0B-822B-86BE366A75D2}.Debug|Any CPU.ActiveCfg = Debug|Any CPU
		{7BE548AA-BCD3-4B0B-822B-86BE366A75D2}.Debug|Any CPU.Build.0 = Debug|Any CPU
		{7BE548AA-BCD3-4B0B-822B-86BE366A75D2}.Release|Any CPU.ActiveCfg = Release|Any CPU
		{7BE548AA-BCD3-4B0B-822B-86BE366A75D2}.Release|Any CPU.Build.0 = Release|Any CPU
		{344D132B-EAB8-471A-BE99-DDD2D0515BD1}.Debug|Any CPU.ActiveCfg = Debug|Any CPU
		{344D132B-EAB8-471A-BE99-DDD2D0515BD1}.Debug|Any CPU.Build.0 = Debug|Any CPU
		{344D132B-EAB8-471A-BE99-DDD2D0515BD1}.Release|Any CPU.ActiveCfg = Release|Any CPU
		{344D132B-EAB8-471A-BE99-DDD2D0515BD1}.Release|Any CPU.Build.0 = Release|Any CPU
		{99265359-B6EE-493B-95C9-76FB552B1ED8}.Debug|Any CPU.ActiveCfg = Debug|Any CPU
		{99265359-B6EE-493B-95C9-76FB552B1ED8}.Debug|Any CPU.Build.0 = Debug|Any CPU
		{99265359-B6EE-493B-95C9-76FB552B1ED8}.Release|Any CPU.ActiveCfg = Release|Any CPU
		{99265359-B6EE-493B-95C9-76FB552B1ED8}.Release|Any CPU.Build.0 = Release|Any CPU
		{A64E012D-6191-4668-AE23-F52B781C76A2}.Debug|Any CPU.ActiveCfg = Debug|Any CPU
		{A64E012D-6191-4668-AE23-F52B781C76A2}.Debug|Any CPU.Build.0 = Debug|Any CPU
		{A64E012D-6191-4668-AE23-F52B781C76A2}.Release|Any CPU.ActiveCfg = Release|Any CPU
		{A64E012D-6191-4668-AE23-F52B781C76A2}.Release|Any CPU.Build.0 = Release|Any CPU
	EndGlobalSection
	GlobalSection(SolutionProperties) = preSolution
		HideSolutionNode = FALSE
	EndGlobalSection
EndGlobal
